kilobit.ca/go/objected v0.0.1 h1:AkksphlwVfUDxC8JOGZ1FzYcsjmNGOrGb1eZnqiaVZ8=
kilobit.ca/go/objected v0.0.1/go.mod h1:cyFGjoW//aoaxNsYb3IcBQbPCzU5iadIJ9QcSs1XjiA=
kilobit.ca/go/objected v0.0.2 h1:cJ8o247Wfdir35lPPDxjqILPiLmy5gVJZgssaz5lN8A=
kilobit.ca/go/objected v0.0.2/go.mod h1:cyFGjoW//aoaxNsYb3IcBQbPCzU5iadIJ9QcSs1XjiA=
kilobit.ca/go/tested v0.0.5 h1:f6IOkW069KzI7qWqyVWaBCQ3Ab9NzDZGcWw4t2hYb40=
kilobit.ca/go/tested v0.0.5/go.mod h1:TUNnqjPPkY69RIerc55qah1acn/LrmvcTaa7x+b9aXk=
